// !$*UTF8*$!
{
	archiveVersion = 1;
	classes = {
	};
	objectVersion = 46;
	objects = {

/* Begin PBXBuildFile section */
		CEB09D6F14A6AE8600FCD7D8 /* good_thumb.gif in Resources */ = {isa = PBXBuildFile; fileRef = CEB09D2C14A6AE8500FCD7D8 /* good_thumb.gif */; };
		CEB09D8314A6AE8600FCD7D8 /* ok_thumb.gif in Resources */ = {isa = PBXBuildFile; fileRef = CEB09D4014A6AE8500FCD7D8 /* ok_thumb.gif */; };
		CEB09D8D14A6AE8600FCD7D8 /* snow_thumb.gif in Resources */ = {isa = PBXBuildFile; fileRef = CEB09D4A14A6AE8500FCD7D8 /* snow_thumb.gif */; };
		CEB09DA214A6B4ED00FCD7D8 /* emotions.plist in Resources */ = {isa = PBXBuildFile; fileRef = CEB09DA114A6B4ED00FCD7D8 /* emotions.plist */; };
		CEF04CF014A1A307001D58DF /* UIKit.framework in Frameworks */ = {isa = PBXBuildFile; fileRef = CEF04CEF14A1A307001D58DF /* UIKit.framework */; };
		CEF04CF214A1A307001D58DF /* Foundation.framework in Frameworks */ = {isa = PBXBuildFile; fileRef = CEF04CF114A1A307001D58DF /* Foundation.framework */; };
		CEF04CF414A1A307001D58DF /* CoreGraphics.framework in Frameworks */ = {isa = PBXBuildFile; fileRef = CEF04CF314A1A307001D58DF /* CoreGraphics.framework */; };
		CEF04CFA14A1A307001D58DF /* InfoPlist.strings in Resources */ = {isa = PBXBuildFile; fileRef = CEF04CF814A1A307001D58DF /* InfoPlist.strings */; };
		CEF04CFC14A1A307001D58DF /* main.m in Sources */ = {isa = PBXBuildFile; fileRef = CEF04CFB14A1A307001D58DF /* main.m */; };
		CEF04D0014A1A307001D58DF /* AppDelegate.m in Sources */ = {isa = PBXBuildFile; fileRef = CEF04CFF14A1A307001D58DF /* AppDelegate.m */; };
		CEF04D0314A1A307001D58DF /* ViewController.m in Sources */ = {isa = PBXBuildFile; fileRef = CEF04D0214A1A307001D58DF /* ViewController.m */; };
		CEF04D0614A1A307001D58DF /* ViewController.xib in Resources */ = {isa = PBXBuildFile; fileRef = CEF04D0414A1A307001D58DF /* ViewController.xib */; };
		CEF04D0F14A1A343001D58DF /* EmotionLabel.m in Sources */ = {isa = PBXBuildFile; fileRef = CEF04D0E14A1A343001D58DF /* EmotionLabel.m */; };
		CEF04D1314A1AE85001D58DF /* pig.png in Resources */ = {isa = PBXBuildFile; fileRef = CEF04D1214A1AE85001D58DF /* pig.png */; };
		CEF04DFC14A2E68A001D58DF /* CoreText.framework in Frameworks */ = {isa = PBXBuildFile; fileRef = CEF04DFB14A2E68A001D58DF /* CoreText.framework */; };
		CEF04DFE14A2E692001D58DF /* ImageIO.framework in Frameworks */ = {isa = PBXBuildFile; fileRef = CEF04DFD14A2E692001D58DF /* ImageIO.framework */; };
		CEF04E0014A2E6A8001D58DF /* QuartzCore.framework in Frameworks */ = {isa = PBXBuildFile; fileRef = CEF04DFF14A2E6A8001D58DF /* QuartzCore.framework */; };
/* End PBXBuildFile section */

/* Begin PBXFileReference section */
		CEB09D2C14A6AE8500FCD7D8 /* good_thumb.gif */ = {isa = PBXFileReference; lastKnownFileType = image.gif; path = good_thumb.gif; sourceTree = "<group>"; };
		CEB09D4014A6AE8500FCD7D8 /* ok_thumb.gif */ = {isa = PBXFileReference; lastKnownFileType = image.gif; path = ok_thumb.gif; sourceTree = "<group>"; };
		CEB09D4A14A6AE8500FCD7D8 /* snow_thumb.gif */ = {isa = PBXFileReference; lastKnownFileType = image.gif; path = snow_thumb.gif; sourceTree = "<group>"; };
		CEB09DA114A6B4ED00FCD7D8 /* emotions.plist */ = {isa = PBXFileReference; fileEncoding = 4; lastKnownFileType = text.plist.xml; path = emotions.plist; sourceTree = "<group>"; };
		CEF04CEB14A1A307001D58DF /* demo.app */ = {isa = PBXFileReference; explicitFileType = wrapper.application; includeInIndex = 0; path = demo.app; sourceTree = BUILT_PRODUCTS_DIR; };
		CEF04CEF14A1A307001D58DF /* UIKit.framework */ = {isa = PBXFileReference; lastKnownFileType = wrapper.framework; name = UIKit.framework; path = System/Library/Frameworks/UIKit.framework; sourceTree = SDKROOT; };
		CEF04CF114A1A307001D58DF /* Foundation.framework */ = {isa = PBXFileReference; lastKnownFileType = wrapper.framework; name = Foundation.framework; path = System/Library/Frameworks/Foundation.framework; sourceTree = SDKROOT; };
		CEF04CF314A1A307001D58DF /* CoreGraphics.framework */ = {isa = PBXFileReference; lastKnownFileType = wrapper.framework; name = CoreGraphics.framework; path = System/Library/Frameworks/CoreGraphics.framework; sourceTree = SDKROOT; };
		CEF04CF714A1A307001D58DF /* demo-Info.plist */ = {isa = PBXFileReference; lastKnownFileType = text.plist.xml; path = "demo-Info.plist"; sourceTree = "<group>"; };
		CEF04CF914A1A307001D58DF /* en */ = {isa = PBXFileReference; lastKnownFileType = text.plist.strings; name = en; path = en.lproj/InfoPlist.strings; sourceTree = "<group>"; };
		CEF04CFB14A1A307001D58DF /* main.m */ = {isa = PBXFileReference; lastKnownFileType = sourcecode.c.objc; path = main.m; sourceTree = "<group>"; };
		CEF04CFD14A1A307001D58DF /* demo-Prefix.pch */ = {isa = PBXFileReference; lastKnownFileType = sourcecode.c.h; path = "demo-Prefix.pch"; sourceTree = "<group>"; };
		CEF04CFE14A1A307001D58DF /* AppDelegate.h */ = {isa = PBXFileReference; lastKnownFileType = sourcecode.c.h; path = AppDelegate.h; sourceTree = "<group>"; };
		CEF04CFF14A1A307001D58DF /* AppDelegate.m */ = {isa = PBXFileReference; lastKnownFileType = sourcecode.c.objc; path = AppDelegate.m; sourceTree = "<group>"; };
		CEF04D0114A1A307001D58DF /* ViewController.h */ = {isa = PBXFileReference; lastKnownFileType = sourcecode.c.h; path = ViewController.h; sourceTree = "<group>"; };
		CEF04D0214A1A307001D58DF /* ViewController.m */ = {isa = PBXFileReference; lastKnownFileType = sourcecode.c.objc; path = ViewController.m; sourceTree = "<group>"; };
		CEF04D0514A1A307001D58DF /* en */ = {isa = PBXFileReference; lastKnownFileType = file.xib; name = en; path = en.lproj/ViewController.xib; sourceTree = "<group>"; };
		CEF04D0D14A1A343001D58DF /* EmotionLabel.h */ = {isa = PBXFileReference; fileEncoding = 4; lastKnownFileType = sourcecode.c.h; path = EmotionLabel.h; sourceTree = "<group>"; };
		CEF04D0E14A1A343001D58DF /* EmotionLabel.m */ = {isa = PBXFileReference; fileEncoding = 4; lastKnownFileType = sourcecode.c.objc; path = EmotionLabel.m; sourceTree = "<group>"; };
		CEF04D1214A1AE85001D58DF /* pig.png */ = {isa = PBXFileReference; lastKnownFileType = image.png; path = pig.png; sourceTree = "<group>"; };
		CEF04DFB14A2E68A001D58DF /* CoreText.framework */ = {isa = PBXFileReference; lastKnownFileType = wrapper.framework; name = CoreText.framework; path = System/Library/Frameworks/CoreText.framework; sourceTree = SDKROOT; };
		CEF04DFD14A2E692001D58DF /* ImageIO.framework */ = {isa = PBXFileReference; lastKnownFileType = wrapper.framework; name = ImageIO.framework; path = System/Library/Frameworks/ImageIO.framework; sourceTree = SDKROOT; };
		CEF04DFF14A2E6A8001D58DF /* QuartzCore.framework */ = {isa = PBXFileReference; lastKnownFileType = wrapper.framework; name = QuartzCore.framework; path = System/Library/Frameworks/QuartzCore.framework; sourceTree = SDKROOT; };
/* End PBXFileReference section */

/* Begin PBXFrameworksBuildPhase section */
		CEF04CE814A1A307001D58DF /* Frameworks */ = {
			isa = PBXFrameworksBuildPhase;
			buildActionMask = 2147483647;
			files = (
				CEF04E0014A2E6A8001D58DF /* QuartzCore.framework in Frameworks */,
				CEF04DFE14A2E692001D58DF /* ImageIO.framework in Frameworks */,
				CEF04DFC14A2E68A001D58DF /* CoreText.framework in Frameworks */,
				CEF04CF014A1A307001D58DF /* UIKit.framework in Frameworks */,
				CEF04CF214A1A307001D58DF /* Foundation.framework in Frameworks */,
				CEF04CF414A1A307001D58DF /* CoreGraphics.framework in Frameworks */,
			);
			runOnlyForDeploymentPostprocessing = 0;
		};
/* End PBXFrameworksBuildPhase section */

/* Begin PBXGroup section */
		CEB09D1914A6AD8A00FCD7D8 /* Libraries */ = {
			isa = PBXGroup;
			children = (
			);
			name = Libraries;
			sourceTree = "<group>";
		};
		CEB09D1A14A6AE8500FCD7D8 /* emotions */ = {
			isa = PBXGroup;
			children = (
				CEB09D2C14A6AE8500FCD7D8 /* good_thumb.gif */,
				CEB09D4014A6AE8500FCD7D8 /* ok_thumb.gif */,
				CEB09D4A14A6AE8500FCD7D8 /* snow_thumb.gif */,
			);
			path = emotions;
			sourceTree = "<group>";
		};
		CEF04CE014A1A306001D58DF = {
			isa = PBXGroup;
			children = (
				CEB09D1914A6AD8A00FCD7D8 /* Libraries */,
				CEF04D0C14A1A32F001D58DF /* EmotionLabel */,
				CEF04CF514A1A307001D58DF /* demo */,
				CEF04CEE14A1A307001D58DF /* Frameworks */,
				CEF04CEC14A1A307001D58DF /* Products */,
			);
			sourceTree = "<group>";
		};
		CEF04CEC14A1A307001D58DF /* Products */ = {
			isa = PBXGroup;
			children = (
				CEF04CEB14A1A307001D58DF /* demo.app */,
			);
			name = Products;
			sourceTree = "<group>";
		};
		CEF04CEE14A1A307001D58DF /* Frameworks */ = {
			isa = PBXGroup;
			children = (
				CEF04DFF14A2E6A8001D58DF /* QuartzCore.framework */,
				CEF04DFD14A2E692001D58DF /* ImageIO.framework */,
				CEF04DFB14A2E68A001D58DF /* CoreText.framework */,
				CEF04CEF14A1A307001D58DF /* UIKit.framework */,
				CEF04CF114A1A307001D58DF /* Foundation.framework */,
				CEF04CF314A1A307001D58DF /* CoreGraphics.framework */,
			);
			name = Frameworks;
			sourceTree = "<group>";
		};
		CEF04CF514A1A307001D58DF /* demo */ = {
			isa = PBXGroup;
			children = (
				CEB09D1A14A6AE8500FCD7D8 /* emotions */,
				CEF04CFE14A1A307001D58DF /* AppDelegate.h */,
				CEF04CFF14A1A307001D58DF /* AppDelegate.m */,
				CEF04D0114A1A307001D58DF /* ViewController.h */,
				CEF04D0214A1A307001D58DF /* ViewController.m */,
				CEF04D0414A1A307001D58DF /* ViewController.xib */,
				CEB09DA114A6B4ED00FCD7D8 /* emotions.plist */,
				CEF04CF614A1A307001D58DF /* Supporting Files */,
			);
			path = demo;
			sourceTree = "<group>";
		};
		CEF04CF614A1A307001D58DF /* Supporting Files */ = {
			isa = PBXGroup;
			children = (
				CEF04D1214A1AE85001D58DF /* pig.png */,
				CEF04CF714A1A307001D58DF /* demo-Info.plist */,
				CEF04CF814A1A307001D58DF /* InfoPlist.strings */,
				CEF04CFB14A1A307001D58DF /* main.m */,
				CEF04CFD14A1A307001D58DF /* demo-Prefix.pch */,
			);
			name = "Supporting Files";
			sourceTree = "<group>";
		};
		CEF04D0C14A1A32F001D58DF /* EmotionLabel */ = {
			isa = PBXGroup;
			children = (
				CEF04D0D14A1A343001D58DF /* EmotionLabel.h */,
				CEF04D0E14A1A343001D58DF /* EmotionLabel.m */,
			);
			name = EmotionLabel;
			path = ../EmotionLabel;
			sourceTree = "<group>";
		};
/* End PBXGroup section */

/* Begin PBXNativeTarget section */
		CEF04CEA14A1A307001D58DF /* demo */ = {
			isa = PBXNativeTarget;
			buildConfigurationList = CEF04D0914A1A307001D58DF /* Build configuration list for PBXNativeTarget "demo" */;
			buildPhases = (
				CEF04CE714A1A307001D58DF /* Sources */,
				CEF04CE814A1A307001D58DF /* Frameworks */,
				CEF04CE914A1A307001D58DF /* Resources */,
			);
			buildRules = (
			);
			dependencies = (
			);
			name = demo;
			productName = demo;
			productReference = CEF04CEB14A1A307001D58DF /* demo.app */;
			productType = "com.apple.product-type.application";
		};
/* End PBXNativeTarget section */

/* Begin PBXProject section */
		CEF04CE214A1A306001D58DF /* Project object */ = {
			isa = PBXProject;
			attributes = {
				LastUpgradeCheck = 0420;
			};
			buildConfigurationList = CEF04CE514A1A306001D58DF /* Build configuration list for PBXProject "demo" */;
			compatibilityVersion = "Xcode 3.2";
			developmentRegion = English;
			hasScannedForEncodings = 0;
			knownRegions = (
				en,
			);
			mainGroup = CEF04CE014A1A306001D58DF;
			productRefGroup = CEF04CEC14A1A307001D58DF /* Products */;
			projectDirPath = "";
			projectRoot = "";
			targets = (
				CEF04CEA14A1A307001D58DF /* demo */,
			);
		};
/* End PBXProject section */

/* Begin PBXResourcesBuildPhase section */
		CEF04CE914A1A307001D58DF /* Resources */ = {
			isa = PBXResourcesBuildPhase;
			buildActionMask = 2147483647;
			files = (
				CEF04CFA14A1A307001D58DF /* InfoPlist.strings in Resources */,
				CEF04D0614A1A307001D58DF /* ViewController.xib in Resources */,
				CEF04D1314A1AE85001D58DF /* pig.png in Resources */,
				CEB09D6F14A6AE8600FCD7D8 /* good_thumb.gif in Resources */,
				CEB09D8314A6AE8600FCD7D8 /* ok_thumb.gif in Resources */,
				CEB09D8D14A6AE8600FCD7D8 /* snow_thumb.gif in Resources */,
				CEB09DA214A6B4ED00FCD7D8 /* emotions.plist in Resources */,
			);
			runOnlyForDeploymentPostprocessing = 0;
		};
/* End PBXResourcesBuildPhase section */

/* Begin PBXSourcesBuildPhase section */
		CEF04CE714A1A307001D58DF /* Sources */ = {
			isa = PBXSourcesBuildPhase;
			buildActionMask = 2147483647;
			files = (
				CEF04CFC14A1A307001D58DF /* main.m in Sources */,
				CEF04D0014A1A307001D58DF /* AppDelegate.m in Sources */,
				CEF04D0314A1A307001D58DF /* ViewController.m in Sources */,
				CEF04D0F14A1A343001D58DF /* EmotionLabel.m in Sources */,
			);
			runOnlyForDeploymentPostprocessing = 0;
		};
/* End PBXSourcesBuildPhase section */

/* Begin PBXVariantGroup section */
		CEF04CF814A1A307001D58DF /* InfoPlist.strings */ = {
			isa = PBXVariantGroup;
			children = (
				CEF04CF914A1A307001D58DF /* en */,
			);
			name = InfoPlist.strings;
			sourceTree = "<group>";
		};
		CEF04D0414A1A307001D58DF /* ViewController.xib */ = {
			isa = PBXVariantGroup;
			children = (
				CEF04D0514A1A307001D58DF /* en */,
			);
			name = ViewController.xib;
			sourceTree = "<group>";
		};
/* End PBXVariantGroup section */

/* Begin XCBuildConfiguration section */
		CEF04D0714A1A307001D58DF /* Debug */ = {
			isa = XCBuildConfiguration;
			buildSettings = {
				ALWAYS_SEARCH_USER_PATHS = NO;
				ARCHS = "$(ARCHS_STANDARD_32_BIT)";
				CLANG_ENABLE_OBJC_ARC = YES;
				"CODE_SIGN_IDENTITY[sdk=iphoneos*]" = "iPhone Developer";
				COPY_PHASE_STRIP = NO;
				GCC_C_LANGUAGE_STANDARD = gnu99;
				GCC_DYNAMIC_NO_PIC = NO;
				GCC_OPTIMIZATION_LEVEL = 0;
				GCC_PREPROCESSOR_DEFINITIONS = (
					"DEBUG=1",
					"$(inherited)",
				);
				GCC_SYMBOLS_PRIVATE_EXTERN = NO;
				GCC_VERSION = com.apple.compilers.llvm.clang.1_0;
				GCC_WARN_ABOUT_MISSING_PROTOTYPES = YES;
				GCC_WARN_ABOUT_RETURN_TYPE = YES;
				GCC_WARN_UNUSED_VARIABLE = YES;
				IPHONEOS_DEPLOYMENT_TARGET = 5.0;
				SDKROOT = iphoneos;
			};
			name = Debug;
		};
		CEF04D0814A1A307001D58DF /* Release */ = {
			isa = XCBuildConfiguration;
			buildSettings = {
				ALWAYS_SEARCH_USER_PATHS = NO;
				ARCHS = "$(ARCHS_STANDARD_32_BIT)";
				CLANG_ENABLE_OBJC_ARC = YES;
				"CODE_SIGN_IDENTITY[sdk=iphoneos*]" = "iPhone Developer";
				COPY_PHASE_STRIP = YES;
				GCC_C_LANGUAGE_STANDARD = gnu99;
				GCC_VERSION = com.apple.compilers.llvm.clang.1_0;
				GCC_WARN_ABOUT_MISSING_PROTOTYPES = YES;
				GCC_WARN_ABOUT_RETURN_TYPE = YES;
				GCC_WARN_UNUSED_VARIABLE = YES;
				IPHONEOS_DEPLOYMENT_TARGET = 5.0;
				OTHER_CFLAGS = "-DNS_BLOCK_ASSERTIONS=1";
				SDKROOT = iphoneos;
				VALIDATE_PRODUCT = YES;
			};
			name = Release;
		};
		CEF04D0A14A1A307001D58DF /* Debug */ = {
			isa = XCBuildConfiguration;
			buildSettings = {
				GCC_PRECOMPILE_PREFIX_HEADER = YES;
				GCC_PREFIX_HEADER = "demo/demo-Prefix.pch";
				INFOPLIST_FILE = "demo/demo-Info.plist";
				PRODUCT_NAME = "$(TARGET_NAME)";
				WRAPPER_EXTENSION = app;
			};
			name = Debug;
		};
		CEF04D0B14A1A307001D58DF /* Release */ = {
			isa = XCBuildConfiguration;
			buildSettings = {
				GCC_PRECOMPILE_PREFIX_HEADER = YES;
				GCC_PREFIX_HEADER = "demo/demo-Prefix.pch";
				INFOPLIST_FILE = "demo/demo-Info.plist";
				PRODUCT_NAME = "$(TARGET_NAME)";
				WRAPPER_EXTENSION = app;
			};
			name = Release;
		};
/* End XCBuildConfiguration section */

/* Begin XCConfigurationList section */
		CEF04CE514A1A306001D58DF /* Build configuration list for PBXProject "demo" */ = {
			isa = XCConfigurationList;
			buildConfigurations = (
				CEF04D0714A1A307001D58DF /* Debug */,
				CEF04D0814A1A307001D58DF /* Release */,
			);
			defaultConfigurationIsVisible = 0;
			defaultConfigurationName = Release;
		};
		CEF04D0914A1A307001D58DF /* Build configuration list for PBXNativeTarget "demo" */ = {
			isa = XCConfigurationList;
			buildConfigurations = (
				CEF04D0A14A1A307001D58DF /* Debug */,
				CEF04D0B14A1A307001D58DF /* Release */,
			);
			defaultConfigurationIsVisible = 0;
			defaultConfigurationName = Release;
		};
/* End XCConfigurationList section */
	};
	rootObject = CEF04CE214A1A306001D58DF /* Project object */;
}
